
Microsoft Visual Studio Solution File, Format Version 12.00
# Visual Studio 15
VisualStudioVersion = 15.0.26430.12
MinimumVisualStudioVersion = 10.0.40219.1
Project("{FAE04EC0-301F-11D3-BF4B-00C04F79EFBC}") = "Pert10", "Pert10\Pert10.csproj", "{731F4EE8-FFA9-43F6-96CB-F4FF490CCCCF}"
EndProject
Global
	GlobalSection(SolutionConfigurationPlatforms) = preSolution
		Debug|Any CPU = Debug|Any CPU
		Release|Any CPU = Release|Any CPU
	EndGlobalSection
	GlobalSection(ProjectConfigurationPlatforms) = postSolution
		{731F4EE8-FFA9-43F6-96CB-F4FF490CCCCF}.Debug|Any CPU.ActiveCfg = Debug|Any CPU
		{731F4EE8-FFA9-43F6-96CB-F4FF490CCCCF}.Debug|Any CPU.Build.0 = Debug|Any CPU
		{731F4EE8-FFA9-43F6-96CB-F4FF490CCCCF}.Release|Any CPU.ActiveCfg = Release|Any CPU
		{731F4EE8-FFA9-43F6-96CB-F4FF490CCCCF}.Release|Any CPU.Build.0 = Release|Any CPU
	EndGlobalSection
	GlobalSection(SolutionProperties) = preSolution
		HideSolutionNode = FALSE
	EndGlobalSection
EndGlobal
